github.com/pborman/getopt v1.1.0 h1:eJ3aFZroQqq0bWmraivjQNt6Dmm5M0h2JcDW38/Azb0=
github.com/pborman/getopt v1.1.0/go.mod h1:FxXoW1Re00sQG/+KIkuSqRL/LwQgSkv7uyac+STFsbk=
github.com/spf13/pflag v1.0.5 h1:iy+VFUOCP1a+8yFto/drg2CJ5u0yRoB7fZw3DKv/JXA=
github.com/spf13/pflag v1.0.5/go.mod h1:McXfInJRrz4CZXVZOBLb0bTZqETkiAhM9Iw0y3An2Bg=
